Microsoft Visual Studio Solution File, Format Version 12.00
# Visual Studio 2012
Project("{FAE04EC0-301F-11D3-BF4B-00C04F79EFBC}") = "Gamejean", "Gamejean.csproj", "{1732B148-77F6-49E2-9F01-9AE484A623DD}"
EndProject
Global
	GlobalSection(SolutionConfigurationPlatforms) = preSolution
	Debug|Any CPU = Debug|Any CPU
	ExportDebug|Any CPU = ExportDebug|Any CPU
	ExportRelease|Any CPU = ExportRelease|Any CPU
	EndGlobalSection
	GlobalSection(ProjectConfigurationPlatforms) = postSolution
		{1732B148-77F6-49E2-9F01-9AE484A623DD}.Debug|Any CPU.ActiveCfg = Debug|Any CPU
		{1732B148-77F6-49E2-9F01-9AE484A623DD}.Debug|Any CPU.Build.0 = Debug|Any CPU
		{1732B148-77F6-49E2-9F01-9AE484A623DD}.ExportDebug|Any CPU.ActiveCfg = ExportDebug|Any CPU
		{1732B148-77F6-49E2-9F01-9AE484A623DD}.ExportDebug|Any CPU.Build.0 = ExportDebug|Any CPU
		{1732B148-77F6-49E2-9F01-9AE484A623DD}.ExportRelease|Any CPU.ActiveCfg = ExportRelease|Any CPU
		{1732B148-77F6-49E2-9F01-9AE484A623DD}.ExportRelease|Any CPU.Build.0 = ExportRelease|Any CPU
	EndGlobalSection
EndGlobal
